
Microsoft Visual Studio Solution File, Format Version 12.00
# Visual Studio Version 16
VisualStudioVersion = 16.0.30717.126
MinimumVisualStudioVersion = 10.0.40219.1
Project("{9A19103F-16F7-4668-BE54-9A1E7A4F7556}") = "PendulumWaveApplication", "PendulumWaveApplication\PendulumWaveApplication.csproj", "{4217F35B-B83B-4AA9-A778-919F1B6FBE50}"
EndProject
Project("{9A19103F-16F7-4668-BE54-9A1E7A4F7556}") = "Wpf3DUtils", "Wpf3DUtils\Wpf3DUtils.csproj", "{FDC22E86-5D56-43C7-83F5-32D8E5BF36E9}"
EndProject
Project("{C7167F0D-BC9F-4E6E-AFE1-012C56B48DB5}") = "pendulumPackage", "pendulumPackage\pendulumPackage.wapproj", "{B95E1040-682F-460D-8B2B-F0C9D5F1B6BE}"
EndProject
Global
	GlobalSection(SolutionConfigurationPlatforms) = preSolution
		Debug|Any CPU = Debug|Any CPU
		Debug|ARM = Debug|ARM
		Debug|ARM64 = Debug|ARM64
		Debug|x64 = Debug|x64
		Debug|x86 = Debug|x86
		Release|Any CPU = Release|Any CPU
		Release|ARM = Release|ARM
		Release|ARM64 = Release|ARM64
		Release|x64 = Release|x64
		Release|x86 = Release|x86
	EndGlobalSection
	GlobalSection(ProjectConfigurationPlatforms) = postSolution
		{4217F35B-B83B-4AA9-A778-919F1B6FBE50}.Debug|Any CPU.ActiveCfg = Release|Any CPU
		{4217F35B-B83B-4AA9-A778-919F1B6FBE50}.Debug|Any CPU.Build.0 = Release|Any CPU
		{4217F35B-B83B-4AA9-A778-919F1B6FBE50}.Debug|ARM.ActiveCfg = Debug|Any CPU
		{4217F35B-B83B-4AA9-A778-919F1B6FBE50}.Debug|ARM.Build.0 = Debug|Any CPU
		{4217F35B-B83B-4AA9-A778-919F1B6FBE50}.Debug|ARM64.ActiveCfg = Debug|Any CPU
		{4217F35B-B83B-4AA9-A778-919F1B6FBE50}.Debug|ARM64.Build.0 = Debug|Any CPU
		{4217F35B-B83B-4AA9-A778-919F1B6FBE50}.Debug|x64.ActiveCfg = Debug|Any CPU
		{4217F35B-B83B-4AA9-A778-919F1B6FBE50}.Debug|x64.Build.0 = Debug|Any CPU
		{4217F35B-B83B-4AA9-A778-919F1B6FBE50}.Debug|x86.ActiveCfg = Debug|Any CPU
		{4217F35B-B83B-4AA9-A778-919F1B6FBE50}.Debug|x86.Build.0 = Debug|Any CPU
		{4217F35B-B83B-4AA9-A778-919F1B6FBE50}.Release|Any CPU.ActiveCfg = Release|Any CPU
		{4217F35B-B83B-4AA9-A778-919F1B6FBE50}.Release|Any CPU.Build.0 = Release|Any CPU
		{4217F35B-B83B-4AA9-A778-919F1B6FBE50}.Release|ARM.ActiveCfg = Release|Any CPU
		{4217F35B-B83B-4AA9-A778-919F1B6FBE50}.Release|ARM.Build.0 = Release|Any CPU
		{4217F35B-B83B-4AA9-A778-919F1B6FBE50}.Release|ARM64.ActiveCfg = Release|Any CPU
		{4217F35B-B83B-4AA9-A778-919F1B6FBE50}.Release|ARM64.Build.0 = Release|Any CPU
		{4217F35B-B83B-4AA9-A778-919F1B6FBE50}.Release|x64.ActiveCfg = Release|Any CPU
		{4217F35B-B83B-4AA9-A778-919F1B6FBE50}.Release|x64.Build.0 = Release|Any CPU
		{4217F35B-B83B-4AA9-A778-919F1B6FBE50}.Release|x86.ActiveCfg = Release|Any CPU
		{4217F35B-B83B-4AA9-A778-919F1B6FBE50}.Release|x86.Build.0 = Release|Any CPU
		{FDC22E86-5D56-43C7-83F5-32D8E5BF36E9}.Debug|Any CPU.ActiveCfg = Release|Any CPU
		{FDC22E86-5D56-43C7-83F5-32D8E5BF36E9}.Debug|Any CPU.Build.0 = Release|Any CPU
		{FDC22E86-5D56-43C7-83F5-32D8E5BF36E9}.Debug|ARM.ActiveCfg = Debug|Any CPU
		{FDC22E86-5D56-43C7-83F5-32D8E5BF36E9}.Debug|ARM.Build.0 = Debug|Any CPU
		{FDC22E86-5D56-43C7-83F5-32D8E5BF36E9}.Debug|ARM64.ActiveCfg = Debug|Any CPU
		{FDC22E86-5D56-43C7-83F5-32D8E5BF36E9}.Debug|ARM64.Build.0 = Debug|Any CPU
		{FDC22E86-5D56-43C7-83F5-32D8E5BF36E9}.Debug|x64.ActiveCfg = Debug|Any CPU
		{FDC22E86-5D56-43C7-83F5-32D8E5BF36E9}.Debug|x64.Build.0 = Debug|Any CPU
		{FDC22E86-5D56-43C7-83F5-32D8E5BF36E9}.Debug|x86.ActiveCfg = Debug|Any CPU
		{FDC22E86-5D56-43C7-83F5-32D8E5BF36E9}.Debug|x86.Build.0 = Debug|Any CPU
		{FDC22E86-5D56-43C7-83F5-32D8E5BF36E9}.Release|Any CPU.ActiveCfg = Release|Any CPU
		{FDC22E86-5D56-43C7-83F5-32D8E5BF36E9}.Release|Any CPU.Build.0 = Release|Any CPU
		{FDC22E86-5D56-43C7-83F5-32D8E5BF36E9}.Release|ARM.ActiveCfg = Release|Any CPU
		{FDC22E86-5D56-43C7-83F5-32D8E5BF36E9}.Release|ARM.Build.0 = Release|Any CPU
		{FDC22E86-5D56-43C7-83F5-32D8E5BF36E9}.Release|ARM64.ActiveCfg = Release|Any CPU
		{FDC22E86-5D56-43C7-83F5-32D8E5BF36E9}.Release|ARM64.Build.0 = Release|Any CPU
		{FDC22E86-5D56-43C7-83F5-32D8E5BF36E9}.Release|x64.ActiveCfg = Release|Any CPU
		{FDC22E86-5D56-43C7-83F5-32D8E5BF36E9}.Release|x64.Build.0 = Release|Any CPU
		{FDC22E86-5D56-43C7-83F5-32D8E5BF36E9}.Release|x86.ActiveCfg = Release|Any CPU
		{FDC22E86-5D56-43C7-83F5-32D8E5BF36E9}.Release|x86.Build.0 = Release|Any CPU
		{B95E1040-682F-460D-8B2B-F0C9D5F1B6BE}.Debug|Any CPU.ActiveCfg = Debug|Any CPU
		{B95E1040-682F-460D-8B2B-F0C9D5F1B6BE}.Debug|Any CPU.Build.0 = Debug|Any CPU
		{B95E1040-682F-460D-8B2B-F0C9D5F1B6BE}.Debug|Any CPU.Deploy.0 = Debug|Any CPU
		{B95E1040-682F-460D-8B2B-F0C9D5F1B6BE}.Debug|ARM.ActiveCfg = Debug|ARM
		{B95E1040-682F-460D-8B2B-F0C9D5F1B6BE}.Debug|ARM.Build.0 = Debug|ARM
		{B95E1040-682F-460D-8B2B-F0C9D5F1B6BE}.Debug|ARM.Deploy.0 = Debug|ARM
		{B95E1040-682F-460D-8B2B-F0C9D5F1B6BE}.Debug|ARM64.ActiveCfg = Debug|ARM64
		{B95E1040-682F-460D-8B2B-F0C9D5F1B6BE}.Debug|ARM64.Build.0 = Debug|ARM64
		{B95E1040-682F-460D-8B2B-F0C9D5F1B6BE}.Debug|ARM64.Deploy.0 = Debug|ARM64
		{B95E1040-682F-460D-8B2B-F0C9D5F1B6BE}.Debug|x64.ActiveCfg = Debug|x64
		{B95E1040-682F-460D-8B2B-F0C9D5F1B6BE}.Debug|x64.Build.0 = Debug|x64
		{B95E1040-682F-460D-8B2B-F0C9D5F1B6BE}.Debug|x64.Deploy.0 = Debug|x64
		{B95E1040-682F-460D-8B2B-F0C9D5F1B6BE}.Debug|x86.ActiveCfg = Debug|x86
		{B95E1040-682F-460D-8B2B-F0C9D5F1B6BE}.Debug|x86.Build.0 = Debug|x86
		{B95E1040-682F-460D-8B2B-F0C9D5F1B6BE}.Debug|x86.Deploy.0 = Debug|x86
		{B95E1040-682F-460D-8B2B-F0C9D5F1B6BE}.Release|Any CPU.ActiveCfg = Release|Any CPU
		{B95E1040-682F-460D-8B2B-F0C9D5F1B6BE}.Release|Any CPU.Build.0 = Release|Any CPU
		{B95E1040-682F-460D-8B2B-F0C9D5F1B6BE}.Release|Any CPU.Deploy.0 = Release|Any CPU
		{B95E1040-682F-460D-8B2B-F0C9D5F1B6BE}.Release|ARM.ActiveCfg = Release|ARM
		{B95E1040-682F-460D-8B2B-F0C9D5F1B6BE}.Release|ARM.Build.0 = Release|ARM
		{B95E1040-682F-460D-8B2B-F0C9D5F1B6BE}.Release|ARM.Deploy.0 = Release|ARM
		{B95E1040-682F-460D-8B2B-F0C9D5F1B6BE}.Release|ARM64.ActiveCfg = Release|ARM64
		{B95E1040-682F-460D-8B2B-F0C9D5F1B6BE}.Release|ARM64.Build.0 = Release|ARM64
		{B95E1040-682F-460D-8B2B-F0C9D5F1B6BE}.Release|ARM64.Deploy.0 = Release|ARM64
		{B95E1040-682F-460D-8B2B-F0C9D5F1B6BE}.Release|x64.ActiveCfg = Release|x64
		{B95E1040-682F-460D-8B2B-F0C9D5F1B6BE}.Release|x64.Build.0 = Release|x64
		{B95E1040-682F-460D-8B2B-F0C9D5F1B6BE}.Release|x64.Deploy.0 = Release|x64
		{B95E1040-682F-460D-8B2B-F0C9D5F1B6BE}.Release|x86.ActiveCfg = Release|x86
		{B95E1040-682F-460D-8B2B-F0C9D5F1B6BE}.Release|x86.Build.0 = Release|x86
		{B95E1040-682F-460D-8B2B-F0C9D5F1B6BE}.Release|x86.Deploy.0 = Release|x86
	EndGlobalSection
	GlobalSection(SolutionProperties) = preSolution
		HideSolutionNode = FALSE
	EndGlobalSection
	GlobalSection(ExtensibilityGlobals) = postSolution
		SolutionGuid = {9DB1A9F2-8058-46BE-8E4B-6BE9A7A7206D}
	EndGlobalSection
EndGlobal
