
Microsoft Visual Studio Solution File, Format Version 12.00
# Visual Studio Version 16
VisualStudioVersion = 16.0.30717.126
MinimumVisualStudioVersion = 10.0.40219.1
Project("{FAE04EC0-301F-11D3-BF4B-00C04F79EFBC}") = "Mandelbrot-Fractal-Application", "Mandelbrot-Fractal-Application\Mandelbrot-Fractal-Application.csproj", "{F21D30C3-D4EF-46BA-A8E7-C95FD9F6CA21}"
EndProject
Global
	GlobalSection(SolutionConfigurationPlatforms) = preSolution
		Debug|Any CPU = Debug|Any CPU
		Release|Any CPU = Release|Any CPU
	EndGlobalSection
	GlobalSection(ProjectConfigurationPlatforms) = postSolution
		{F21D30C3-D4EF-46BA-A8E7-C95FD9F6CA21}.Debug|Any CPU.ActiveCfg = Debug|Any CPU
		{F21D30C3-D4EF-46BA-A8E7-C95FD9F6CA21}.Debug|Any CPU.Build.0 = Debug|Any CPU
		{F21D30C3-D4EF-46BA-A8E7-C95FD9F6CA21}.Release|Any CPU.ActiveCfg = Release|Any CPU
		{F21D30C3-D4EF-46BA-A8E7-C95FD9F6CA21}.Release|Any CPU.Build.0 = Release|Any CPU
	EndGlobalSection
	GlobalSection(SolutionProperties) = preSolution
		HideSolutionNode = FALSE
	EndGlobalSection
	GlobalSection(ExtensibilityGlobals) = postSolution
		SolutionGuid = {E69AB3A7-2FBC-40FD-8935-39579324249C}
	EndGlobalSection
EndGlobal
