
Microsoft Visual Studio Solution File, Format Version 12.00
# Visual Studio Version 16
VisualStudioVersion = 16.0.30717.126
MinimumVisualStudioVersion = 10.0.40219.1
Project("{FAE04EC0-301F-11D3-BF4B-00C04F79EFBC}") = "PendulumWaveApplication", "PendulumWaveApplication\PendulumWaveApplication.csproj", "{4217F35B-B83B-4AA9-A778-919F1B6FBE50}"
EndProject
Global
	GlobalSection(SolutionConfigurationPlatforms) = preSolution
		Debug|Any CPU = Debug|Any CPU
		Release|Any CPU = Release|Any CPU
	EndGlobalSection
	GlobalSection(ProjectConfigurationPlatforms) = postSolution
		{4217F35B-B83B-4AA9-A778-919F1B6FBE50}.Debug|Any CPU.ActiveCfg = Debug|Any CPU
		{4217F35B-B83B-4AA9-A778-919F1B6FBE50}.Debug|Any CPU.Build.0 = Debug|Any CPU
		{4217F35B-B83B-4AA9-A778-919F1B6FBE50}.Release|Any CPU.ActiveCfg = Release|Any CPU
		{4217F35B-B83B-4AA9-A778-919F1B6FBE50}.Release|Any CPU.Build.0 = Release|Any CPU
	EndGlobalSection
	GlobalSection(SolutionProperties) = preSolution
		HideSolutionNode = FALSE
	EndGlobalSection
	GlobalSection(ExtensibilityGlobals) = postSolution
		SolutionGuid = {9DB1A9F2-8058-46BE-8E4B-6BE9A7A7206D}
	EndGlobalSection
EndGlobal
